
Microsoft Visual Studio Solution File, Format Version 12.00
# Visual Studio Version 17
VisualStudioVersion = 17.0.31611.283
MinimumVisualStudioVersion = 10.0.40219.1
Project("{9A19103F-16F7-4668-BE54-9A1E7A4F7556}") = "CreditMaster", "CreditMaster.csproj", "{363CE301-C0D3-4A90-BEBF-093462ADAB21}"
EndProject
Project("{9A19103F-16F7-4668-BE54-9A1E7A4F7556}") = "DailyCreditMster.UnitTest", "..\DailyCreditMster.UnitTest\DailyCreditMster.UnitTest.csproj", "{037D2960-829F-4BAA-A3FA-3AEBFE574A71}"
EndProject
Project("{FAE04EC0-301F-11D3-BF4B-00C04F79EFBC}") = "CreditMasterLibrary", "..\CreditMasterLibrary\CreditMasterLibrary.csproj", "{B8BFF9A6-6BF6-4EFD-B306-FC414D94F0E5}"
EndProject
Global
	GlobalSection(SolutionConfigurationPlatforms) = preSolution
		Debug|Any CPU = Debug|Any CPU
		Release|Any CPU = Release|Any CPU
	EndGlobalSection
	GlobalSection(ProjectConfigurationPlatforms) = postSolution
		{363CE301-C0D3-4A90-BEBF-093462ADAB21}.Debug|Any CPU.ActiveCfg = Debug|Any CPU
		{363CE301-C0D3-4A90-BEBF-093462ADAB21}.Debug|Any CPU.Build.0 = Debug|Any CPU
		{363CE301-C0D3-4A90-BEBF-093462ADAB21}.Debug|Any CPU.Deploy.0 = Debug|Any CPU
		{363CE301-C0D3-4A90-BEBF-093462ADAB21}.Release|Any CPU.ActiveCfg = Release|Any CPU
		{363CE301-C0D3-4A90-BEBF-093462ADAB21}.Release|Any CPU.Build.0 = Release|Any CPU
		{363CE301-C0D3-4A90-BEBF-093462ADAB21}.Release|Any CPU.Deploy.0 = Release|Any CPU
		{037D2960-829F-4BAA-A3FA-3AEBFE574A71}.Debug|Any CPU.ActiveCfg = Debug|Any CPU
		{037D2960-829F-4BAA-A3FA-3AEBFE574A71}.Debug|Any CPU.Build.0 = Debug|Any CPU
		{037D2960-829F-4BAA-A3FA-3AEBFE574A71}.Release|Any CPU.ActiveCfg = Release|Any CPU
		{037D2960-829F-4BAA-A3FA-3AEBFE574A71}.Release|Any CPU.Build.0 = Release|Any CPU
		{B8BFF9A6-6BF6-4EFD-B306-FC414D94F0E5}.Debug|Any CPU.ActiveCfg = Debug|Any CPU
		{B8BFF9A6-6BF6-4EFD-B306-FC414D94F0E5}.Debug|Any CPU.Build.0 = Debug|Any CPU
		{B8BFF9A6-6BF6-4EFD-B306-FC414D94F0E5}.Release|Any CPU.ActiveCfg = Release|Any CPU
		{B8BFF9A6-6BF6-4EFD-B306-FC414D94F0E5}.Release|Any CPU.Build.0 = Release|Any CPU
	EndGlobalSection
	GlobalSection(SolutionProperties) = preSolution
		HideSolutionNode = FALSE
	EndGlobalSection
	GlobalSection(ExtensibilityGlobals) = postSolution
		SolutionGuid = {61F7FB11-1E47-470C-91E2-47F8143E1572}
	EndGlobalSection
EndGlobal
